
Microsoft Visual Studio Solution File, Format Version 12.00
# Visual Studio Version 17
VisualStudioVersion = 17.8.34511.84
MinimumVisualStudioVersion = 10.0.40219.1
Project("{FAE04EC0-301F-11D3-BF4B-00C04F79EFBC}") = "lab1a", "lab1a\lab1a.csproj", "{89127163-F3BB-4B1A-BF68-0D1D779DA181}"
EndProject
Project("{FAE04EC0-301F-11D3-BF4B-00C04F79EFBC}") = "ClientForZd4", "ClientForZd4\ClientForZd4.csproj", "{94163B9D-B87A-4429-9415-4851A7BC0D61}"
EndProject
Global
	GlobalSection(SolutionConfigurationPlatforms) = preSolution
		Debug|Any CPU = Debug|Any CPU
		Release|Any CPU = Release|Any CPU
	EndGlobalSection
	GlobalSection(ProjectConfigurationPlatforms) = postSolution
		{89127163-F3BB-4B1A-BF68-0D1D779DA181}.Debug|Any CPU.ActiveCfg = Debug|Any CPU
		{89127163-F3BB-4B1A-BF68-0D1D779DA181}.Debug|Any CPU.Build.0 = Debug|Any CPU
		{89127163-F3BB-4B1A-BF68-0D1D779DA181}.Release|Any CPU.ActiveCfg = Release|Any CPU
		{89127163-F3BB-4B1A-BF68-0D1D779DA181}.Release|Any CPU.Build.0 = Release|Any CPU
		{94163B9D-B87A-4429-9415-4851A7BC0D61}.Debug|Any CPU.ActiveCfg = Debug|Any CPU
		{94163B9D-B87A-4429-9415-4851A7BC0D61}.Debug|Any CPU.Build.0 = Debug|Any CPU
		{94163B9D-B87A-4429-9415-4851A7BC0D61}.Release|Any CPU.ActiveCfg = Release|Any CPU
		{94163B9D-B87A-4429-9415-4851A7BC0D61}.Release|Any CPU.Build.0 = Release|Any CPU
	EndGlobalSection
	GlobalSection(SolutionProperties) = preSolution
		HideSolutionNode = FALSE
	EndGlobalSection
	GlobalSection(ExtensibilityGlobals) = postSolution
		SolutionGuid = {1664D3DD-F492-476D-A74D-143A012CE5B3}
	EndGlobalSection
EndGlobal
