
Microsoft Visual Studio Solution File, Format Version 12.00
# Visual Studio Version 17
VisualStudioVersion = 17.9.34622.214
MinimumVisualStudioVersion = 10.0.40219.1
Project("{FAE04EC0-301F-11D3-BF4B-00C04F79EFBC}") = "lab3a", "lab3a\lab3a.csproj", "{A8372286-1B02-491B-982E-86EA5DA2BF00}"
EndProject
Global
	GlobalSection(SolutionConfigurationPlatforms) = preSolution
		Debug|Any CPU = Debug|Any CPU
		Release|Any CPU = Release|Any CPU
	EndGlobalSection
	GlobalSection(ProjectConfigurationPlatforms) = postSolution
		{A8372286-1B02-491B-982E-86EA5DA2BF00}.Debug|Any CPU.ActiveCfg = Debug|Any CPU
		{A8372286-1B02-491B-982E-86EA5DA2BF00}.Debug|Any CPU.Build.0 = Debug|Any CPU
		{A8372286-1B02-491B-982E-86EA5DA2BF00}.Release|Any CPU.ActiveCfg = Release|Any CPU
		{A8372286-1B02-491B-982E-86EA5DA2BF00}.Release|Any CPU.Build.0 = Release|Any CPU
	EndGlobalSection
	GlobalSection(SolutionProperties) = preSolution
		HideSolutionNode = FALSE
	EndGlobalSection
	GlobalSection(ExtensibilityGlobals) = postSolution
		SolutionGuid = {378B4E7E-51D2-4B85-9919-37E462F2C0FA}
	EndGlobalSection
EndGlobal
