
Microsoft Visual Studio Solution File, Format Version 12.00
# Visual Studio Version 17
VisualStudioVersion = 17.8.34511.84
MinimumVisualStudioVersion = 10.0.40219.1
Project("{FAE04EC0-301F-11D3-BF4B-00C04F79EFBC}") = "Shorn", "lab12\Shorn.csproj", "{7C0F4443-81F5-46E5-BF21-6C6880958E8C}"
EndProject
Project("{FAE04EC0-301F-11D3-BF4B-00C04F79EFBC}") = "ElGammal", "ElGammal\ElGammal.csproj", "{89E8B7F1-34D9-407D-8E35-35AD7DBD8DF5}"
EndProject
Project("{FAE04EC0-301F-11D3-BF4B-00C04F79EFBC}") = "RSA", "RSA\RSA.csproj", "{E3394CFC-FB06-455C-BB4C-C5F8F82783FB}"
EndProject
Global
	GlobalSection(SolutionConfigurationPlatforms) = preSolution
		Debug|Any CPU = Debug|Any CPU
		Release|Any CPU = Release|Any CPU
	EndGlobalSection
	GlobalSection(ProjectConfigurationPlatforms) = postSolution
		{7C0F4443-81F5-46E5-BF21-6C6880958E8C}.Debug|Any CPU.ActiveCfg = Debug|Any CPU
		{7C0F4443-81F5-46E5-BF21-6C6880958E8C}.Debug|Any CPU.Build.0 = Debug|Any CPU
		{7C0F4443-81F5-46E5-BF21-6C6880958E8C}.Release|Any CPU.ActiveCfg = Release|Any CPU
		{7C0F4443-81F5-46E5-BF21-6C6880958E8C}.Release|Any CPU.Build.0 = Release|Any CPU
		{89E8B7F1-34D9-407D-8E35-35AD7DBD8DF5}.Debug|Any CPU.ActiveCfg = Debug|Any CPU
		{89E8B7F1-34D9-407D-8E35-35AD7DBD8DF5}.Debug|Any CPU.Build.0 = Debug|Any CPU
		{89E8B7F1-34D9-407D-8E35-35AD7DBD8DF5}.Release|Any CPU.ActiveCfg = Release|Any CPU
		{89E8B7F1-34D9-407D-8E35-35AD7DBD8DF5}.Release|Any CPU.Build.0 = Release|Any CPU
		{E3394CFC-FB06-455C-BB4C-C5F8F82783FB}.Debug|Any CPU.ActiveCfg = Debug|Any CPU
		{E3394CFC-FB06-455C-BB4C-C5F8F82783FB}.Debug|Any CPU.Build.0 = Debug|Any CPU
		{E3394CFC-FB06-455C-BB4C-C5F8F82783FB}.Release|Any CPU.ActiveCfg = Release|Any CPU
		{E3394CFC-FB06-455C-BB4C-C5F8F82783FB}.Release|Any CPU.Build.0 = Release|Any CPU
	EndGlobalSection
	GlobalSection(SolutionProperties) = preSolution
		HideSolutionNode = FALSE
	EndGlobalSection
	GlobalSection(ExtensibilityGlobals) = postSolution
		SolutionGuid = {355C6648-E3EB-4924-9FE4-5FEF404868C7}
	EndGlobalSection
EndGlobal
