
Microsoft Visual Studio Solution File, Format Version 12.00
# Visual Studio Version 17
VisualStudioVersion = 17.8.34511.84
MinimumVisualStudioVersion = 10.0.40219.1
Project("{FAE04EC0-301F-11D3-BF4B-00C04F79EFBC}") = "lab7", "lab7\lab7.csproj", "{449B0DCF-A0CD-4DDC-A438-CA8D7DD1F57F}"
EndProject
Global
	GlobalSection(SolutionConfigurationPlatforms) = preSolution
		Debug|Any CPU = Debug|Any CPU
		Release|Any CPU = Release|Any CPU
	EndGlobalSection
	GlobalSection(ProjectConfigurationPlatforms) = postSolution
		{449B0DCF-A0CD-4DDC-A438-CA8D7DD1F57F}.Debug|Any CPU.ActiveCfg = Debug|Any CPU
		{449B0DCF-A0CD-4DDC-A438-CA8D7DD1F57F}.Debug|Any CPU.Build.0 = Debug|Any CPU
		{449B0DCF-A0CD-4DDC-A438-CA8D7DD1F57F}.Release|Any CPU.ActiveCfg = Release|Any CPU
		{449B0DCF-A0CD-4DDC-A438-CA8D7DD1F57F}.Release|Any CPU.Build.0 = Release|Any CPU
	EndGlobalSection
	GlobalSection(SolutionProperties) = preSolution
		HideSolutionNode = FALSE
	EndGlobalSection
	GlobalSection(ExtensibilityGlobals) = postSolution
		SolutionGuid = {F8CA39E5-9D15-4F4F-8D44-2005BA9D204B}
	EndGlobalSection
EndGlobal
