
Microsoft Visual Studio Solution File, Format Version 12.00
# Visual Studio Version 17
VisualStudioVersion = 17.7.34031.279
MinimumVisualStudioVersion = 10.0.40219.1
Project("{9A19103F-16F7-4668-BE54-9A1E7A4F7556}") = "Lab_7", "Lab_7\Lab_7.csproj", "{DFF10D4A-E643-47AB-89ED-D93212339E6A}"
EndProject
Project("{FAE04EC0-301F-11D3-BF4B-00C04F79EFBC}") = "lab_7_2", "lab_7_2\lab_7_2.csproj", "{1E6B0D7F-D2AE-4F59-A5CD-0BDDACFA3D2E}"
EndProject
Global
	GlobalSection(SolutionConfigurationPlatforms) = preSolution
		Debug|Any CPU = Debug|Any CPU
		Release|Any CPU = Release|Any CPU
	EndGlobalSection
	GlobalSection(ProjectConfigurationPlatforms) = postSolution
		{DFF10D4A-E643-47AB-89ED-D93212339E6A}.Debug|Any CPU.ActiveCfg = Debug|Any CPU
		{DFF10D4A-E643-47AB-89ED-D93212339E6A}.Debug|Any CPU.Build.0 = Debug|Any CPU
		{DFF10D4A-E643-47AB-89ED-D93212339E6A}.Release|Any CPU.ActiveCfg = Release|Any CPU
		{DFF10D4A-E643-47AB-89ED-D93212339E6A}.Release|Any CPU.Build.0 = Release|Any CPU
		{1E6B0D7F-D2AE-4F59-A5CD-0BDDACFA3D2E}.Debug|Any CPU.ActiveCfg = Debug|Any CPU
		{1E6B0D7F-D2AE-4F59-A5CD-0BDDACFA3D2E}.Debug|Any CPU.Build.0 = Debug|Any CPU
		{1E6B0D7F-D2AE-4F59-A5CD-0BDDACFA3D2E}.Release|Any CPU.ActiveCfg = Release|Any CPU
		{1E6B0D7F-D2AE-4F59-A5CD-0BDDACFA3D2E}.Release|Any CPU.Build.0 = Release|Any CPU
	EndGlobalSection
	GlobalSection(SolutionProperties) = preSolution
		HideSolutionNode = FALSE
	EndGlobalSection
	GlobalSection(ExtensibilityGlobals) = postSolution
		SolutionGuid = {17CC81A9-2381-41B5-8F35-3C1AAA56BC2E}
	EndGlobalSection
EndGlobal
